PODS:
  - ContentstackSwift (1.0.0)

DEPENDENCIES:
  - ContentstackSwift (from `/Users/uttamukkoji/Documents/iOS/contentstack-swift/ContentstackSwift.podspec`)

EXTERNAL SOURCES:
  ContentstackSwift:
    :path: "/Users/uttamukkoji/Documents/iOS/contentstack-swift/ContentstackSwift.podspec"

SPEC CHECKSUMS:
  ContentstackSwift: ca9b2f214a8599b693a544a5f646a1319fc26ad1

PODFILE CHECKSUM: aa2e1e9dc6b0d87307e4f3812dad7308810da71d

COCOAPODS: 1.9.1
